
Microsoft Visual Studio Solution File, Format Version 12.00
# Visual Studio 15
VisualStudioVersion = 15.0.27130.2010
MinimumVisualStudioVersion = 10.0.40219.1
Project("{FAE04EC0-301F-11D3-BF4B-00C04F79EFBC}") = "SubtitleSplitter", "SubtitleSplitter\SubtitleSplitter.csproj", "{9B696D0B-8D77-4923-A7E6-D6B2465DB362}"
EndProject
Project("{FAE04EC0-301F-11D3-BF4B-00C04F79EFBC}") = "SubTitleWebApi", "SubTitleWebApi\SubTitleWebApi.csproj", "{A7A32847-9F00-4F1A-8082-7F8F6393984E}"
EndProject
Project("{FAE04EC0-301F-11D3-BF4B-00C04F79EFBC}") = "SubtitleSplitterTests", "SubtitleSplitterTests\SubtitleSplitterTests.csproj", "{4DC87812-B239-4FCE-ABAB-EDBBA3AF786A}"
EndProject
Global
	GlobalSection(SolutionConfigurationPlatforms) = preSolution
		Debug|Any CPU = Debug|Any CPU
		Debug|Mixed Platforms = Debug|Mixed Platforms
		Debug|x86 = Debug|x86
		Release|Any CPU = Release|Any CPU
		Release|Mixed Platforms = Release|Mixed Platforms
		Release|x86 = Release|x86
	EndGlobalSection
	GlobalSection(ProjectConfigurationPlatforms) = postSolution
		{9B696D0B-8D77-4923-A7E6-D6B2465DB362}.Debug|Any CPU.ActiveCfg = Debug|x86
		{9B696D0B-8D77-4923-A7E6-D6B2465DB362}.Debug|Mixed Platforms.ActiveCfg = Debug|x86
		{9B696D0B-8D77-4923-A7E6-D6B2465DB362}.Debug|Mixed Platforms.Build.0 = Debug|x86
		{9B696D0B-8D77-4923-A7E6-D6B2465DB362}.Debug|x86.ActiveCfg = Debug|x86
		{9B696D0B-8D77-4923-A7E6-D6B2465DB362}.Debug|x86.Build.0 = Debug|x86
		{9B696D0B-8D77-4923-A7E6-D6B2465DB362}.Release|Any CPU.ActiveCfg = Release|x86
		{9B696D0B-8D77-4923-A7E6-D6B2465DB362}.Release|Mixed Platforms.ActiveCfg = Release|x86
		{9B696D0B-8D77-4923-A7E6-D6B2465DB362}.Release|Mixed Platforms.Build.0 = Release|x86
		{9B696D0B-8D77-4923-A7E6-D6B2465DB362}.Release|x86.ActiveCfg = Release|x86
		{9B696D0B-8D77-4923-A7E6-D6B2465DB362}.Release|x86.Build.0 = Release|x86
		{A7A32847-9F00-4F1A-8082-7F8F6393984E}.Debug|Any CPU.ActiveCfg = Debug|Any CPU
		{A7A32847-9F00-4F1A-8082-7F8F6393984E}.Debug|Any CPU.Build.0 = Debug|Any CPU
		{A7A32847-9F00-4F1A-8082-7F8F6393984E}.Debug|Mixed Platforms.ActiveCfg = Debug|Any CPU
		{A7A32847-9F00-4F1A-8082-7F8F6393984E}.Debug|Mixed Platforms.Build.0 = Debug|Any CPU
		{A7A32847-9F00-4F1A-8082-7F8F6393984E}.Debug|x86.ActiveCfg = Debug|Any CPU
		{A7A32847-9F00-4F1A-8082-7F8F6393984E}.Debug|x86.Build.0 = Debug|Any CPU
		{A7A32847-9F00-4F1A-8082-7F8F6393984E}.Release|Any CPU.ActiveCfg = Release|Any CPU
		{A7A32847-9F00-4F1A-8082-7F8F6393984E}.Release|Any CPU.Build.0 = Release|Any CPU
		{A7A32847-9F00-4F1A-8082-7F8F6393984E}.Release|Mixed Platforms.ActiveCfg = Release|Any CPU
		{A7A32847-9F00-4F1A-8082-7F8F6393984E}.Release|Mixed Platforms.Build.0 = Release|Any CPU
		{A7A32847-9F00-4F1A-8082-7F8F6393984E}.Release|x86.ActiveCfg = Release|Any CPU
		{A7A32847-9F00-4F1A-8082-7F8F6393984E}.Release|x86.Build.0 = Release|Any CPU
		{4DC87812-B239-4FCE-ABAB-EDBBA3AF786A}.Debug|Any CPU.ActiveCfg = Debug|Any CPU
		{4DC87812-B239-4FCE-ABAB-EDBBA3AF786A}.Debug|Any CPU.Build.0 = Debug|Any CPU
		{4DC87812-B239-4FCE-ABAB-EDBBA3AF786A}.Debug|Mixed Platforms.ActiveCfg = Debug|Any CPU
		{4DC87812-B239-4FCE-ABAB-EDBBA3AF786A}.Debug|Mixed Platforms.Build.0 = Debug|Any CPU
		{4DC87812-B239-4FCE-ABAB-EDBBA3AF786A}.Debug|x86.ActiveCfg = Debug|Any CPU
		{4DC87812-B239-4FCE-ABAB-EDBBA3AF786A}.Debug|x86.Build.0 = Debug|Any CPU
		{4DC87812-B239-4FCE-ABAB-EDBBA3AF786A}.Release|Any CPU.ActiveCfg = Release|Any CPU
		{4DC87812-B239-4FCE-ABAB-EDBBA3AF786A}.Release|Any CPU.Build.0 = Release|Any CPU
		{4DC87812-B239-4FCE-ABAB-EDBBA3AF786A}.Release|Mixed Platforms.ActiveCfg = Release|Any CPU
		{4DC87812-B239-4FCE-ABAB-EDBBA3AF786A}.Release|Mixed Platforms.Build.0 = Release|Any CPU
		{4DC87812-B239-4FCE-ABAB-EDBBA3AF786A}.Release|x86.ActiveCfg = Release|Any CPU
		{4DC87812-B239-4FCE-ABAB-EDBBA3AF786A}.Release|x86.Build.0 = Release|Any CPU
	EndGlobalSection
	GlobalSection(SolutionProperties) = preSolution
		HideSolutionNode = FALSE
	EndGlobalSection
	GlobalSection(ExtensibilityGlobals) = postSolution
		SolutionGuid = {F61BF3EA-6958-4091-9427-BEEC90A4BC9E}
	EndGlobalSection
EndGlobal
